<?xml version="1.0" encoding="utf-8"?>
<Project ToolsVersion="4.0" xmlns="http://schemas.microsoft.com/developer/msbuild/2003">
  <ItemGroup>
    <Filter Include="Form Files">
      <UniqueIdentifier>{99349809-55BA-4b9d-BF79-8FDBB0286EB3}</UniqueIdentifier>
      <Extensions>ui</Extensions>
      <ParseFiles>false</ParseFiles>
    </Filter>
    <Filter Include="Form Files">
      <UniqueIdentifier>{99349809-55BA-4b9d-BF79-8FDBB0286EB3}</UniqueIdentifier>
      <Extensions>ui</Extensions>
      <ParseFiles>false</ParseFiles>
    </Filter>
    <Filter Include="Generated Files">
      <UniqueIdentifier>{71ED8ED8-ACB9-4CE9-BBE1-E00B30144E11}</UniqueIdentifier>
      <Extensions>cpp;c;cxx;moc;h;def;odl;idl;res;</Extensions>
    </Filter>
    <Filter Include="Generated Files">
      <UniqueIdentifier>{71ED8ED8-ACB9-4CE9-BBE1-E00B30144E11}</UniqueIdentifier>
      <Extensions>cpp;c;cxx;moc;h;def;odl;idl;res;</Extensions>
    </Filter>
    <Filter Include="Header Files">
      <UniqueIdentifier>{93995380-89BD-4b04-88EB-625FBE52EBFB}</UniqueIdentifier>
      <Extensions>h;hpp;hxx;hm;inl;inc;xsd</Extensions>
    </Filter>
    <Filter Include="Header Files">
      <UniqueIdentifier>{93995380-89BD-4b04-88EB-625FBE52EBFB}</UniqueIdentifier>
      <Extensions>h;hpp;hxx;hm;inl;inc;xsd</Extensions>
    </Filter>
    <Filter Include="Resource Files">
      <UniqueIdentifier>{D9D6E242-F8AF-46E4-B9FD-80ECBC20BA3E}</UniqueIdentifier>
      <Extensions>qrc;*</Extensions>
      <ParseFiles>false</ParseFiles>
    </Filter>
    <Filter Include="Resource Files">
      <UniqueIdentifier>{D9D6E242-F8AF-46E4-B9FD-80ECBC20BA3E}</UniqueIdentifier>
      <Extensions>qrc;*</Extensions>
      <ParseFiles>false</ParseFiles>
    </Filter>
    <Filter Include="Source Files">
      <UniqueIdentifier>{4FC737F1-C7A5-4376-A066-2A32D752A2FF}</UniqueIdentifier>
      <Extensions>cpp;c;cxx;def;odl;idl;hpj;bat;asm;asmx</Extensions>
    </Filter>
    <Filter Include="Source Files">
      <UniqueIdentifier>{4FC737F1-C7A5-4376-A066-2A32D752A2FF}</UniqueIdentifier>
      <Extensions>cpp;c;cxx;def;odl;idl;hpj;bat;asm;asmx</Extensions>
    </Filter>
    <Filter Include="Generated Files\Debug">
      <UniqueIdentifier>{1fd19172-7392-424d-b9b3-0e519696162f}</UniqueIdentifier>
      <Extensions>cpp;moc</Extensions>
      <SourceControlFiles>False</SourceControlFiles>
    </Filter>
    <Filter Include="Generated Files\Release">
      <UniqueIdentifier>{b5f591c8-896c-4b7e-ac56-899d2f752704}</UniqueIdentifier>
      <Extensions>cpp;moc</Extensions>
      <SourceControlFiles>False</SourceControlFiles>
    </Filter>
  </ItemGroup>
  <ItemGroup>
    <ClCompile Include="about_window.cpp">
      <Filter>Source Files</Filter>
    </ClCompile>
    <ClCompile Include="csvreader.cpp">
      <Filter>Source Files</Filter>
    </ClCompile>
    <ClCompile Include="customwidget.cpp">
      <Filter>Source Files</Filter>
    </ClCompile>
    <ClCompile Include="dasetupdialog.cpp">
      <Filter>Source Files</Filter>
    </ClCompile>
    <ClCompile Include="devicecontrol.cpp">
      <Filter>Source Files</Filter>
    </ClCompile>
    <ClCompile Include="main.cpp">
      <Filter>Source Files</Filter>
    </ClCompile>
    <ClCompile Include="moderegisterbrouser_short.cpp">
      <Filter>Source Files</Filter>
    </ClCompile>
    <ClCompile Include="newwindow.cpp">
      <Filter>Source Files</Filter>
    </ClCompile>
    <ClCompile Include="qcheckbox_user.cpp">
      <Filter>Source Files</Filter>
    </ClCompile>
    <ClCompile Include="qpushbutton_user.cpp">
      <Filter>Source Files</Filter>
    </ClCompile>
    <ClCompile Include="qscomthreadsave.cpp">
      <Filter>Source Files</Filter>
    </ClCompile>
    <ClCompile Include="qslider_user.cpp">
      <Filter>Source Files</Filter>
    </ClCompile>
    <ClCompile Include="qthread_readreg.cpp">
      <Filter>Source Files</Filter>
    </ClCompile>
    <ClCompile Include="quser_dial.cpp">
      <Filter>Source Files</Filter>
    </ClCompile>
    <ClCompile Include="qwidjetpainter.cpp">
      <Filter>Source Files</Filter>
    </ClCompile>
    <ClCompile Include="register_conteiner.cpp">
      <Filter>Source Files</Filter>
    </ClCompile>
    <ClCompile Include="register_conteiner_error_table.cpp">
      <Filter>Source Files</Filter>
    </ClCompile>
    <ClCompile Include="register_conteiner_error_vector.cpp">
      <Filter>Source Files</Filter>
    </ClCompile>
    <ClCompile Include="registerbrowser.cpp">
      <Filter>Source Files</Filter>
    </ClCompile>
    <ClCompile Include="scom.cpp">
      <Filter>Source Files</Filter>
    </ClCompile>
    <ClCompile Include="Debug\moc_about_window.cpp">
      <Filter>Generated Files\Debug</Filter>
    </ClCompile>
    <ClCompile Include="Release\moc_about_window.cpp">
      <Filter>Generated Files\Release</Filter>
    </ClCompile>
    <ClCompile Include="Debug\moc_customwidget.cpp">
      <Filter>Generated Files\Debug</Filter>
    </ClCompile>
    <ClCompile Include="Release\moc_customwidget.cpp">
      <Filter>Generated Files\Release</Filter>
    </ClCompile>
    <ClCompile Include="Debug\moc_dasetupdialog.cpp">
      <Filter>Generated Files\Debug</Filter>
    </ClCompile>
    <ClCompile Include="Release\moc_dasetupdialog.cpp">
      <Filter>Generated Files\Release</Filter>
    </ClCompile>
    <ClCompile Include="Debug\moc_devicecontrol.cpp">
      <Filter>Generated Files\Debug</Filter>
    </ClCompile>
    <ClCompile Include="Release\moc_devicecontrol.cpp">
      <Filter>Generated Files\Release</Filter>
    </ClCompile>
    <ClCompile Include="Debug\moc_moderegisterbrouser_short.cpp">
      <Filter>Generated Files\Debug</Filter>
    </ClCompile>
    <ClCompile Include="Release\moc_moderegisterbrouser_short.cpp">
      <Filter>Generated Files\Release</Filter>
    </ClCompile>
    <ClCompile Include="Debug\moc_newwindow.cpp">
      <Filter>Generated Files\Debug</Filter>
    </ClCompile>
    <ClCompile Include="Release\moc_newwindow.cpp">
      <Filter>Generated Files\Release</Filter>
    </ClCompile>
    <ClCompile Include="Debug\moc_qthread_readreg.cpp">
      <Filter>Generated Files\Debug</Filter>
    </ClCompile>
    <ClCompile Include="Release\moc_qthread_readreg.cpp">
      <Filter>Generated Files\Release</Filter>
    </ClCompile>
    <ClCompile Include="Debug\moc_quser_dial.cpp">
      <Filter>Generated Files\Debug</Filter>
    </ClCompile>
    <ClCompile Include="Release\moc_quser_dial.cpp">
      <Filter>Generated Files\Release</Filter>
    </ClCompile>
    <ClCompile Include="Debug\moc_qwidjetpainter.cpp">
      <Filter>Generated Files\Debug</Filter>
    </ClCompile>
    <ClCompile Include="Release\moc_qwidjetpainter.cpp">
      <Filter>Generated Files\Release</Filter>
    </ClCompile>
    <ClCompile Include="Debug\moc_register_conteiner.cpp">
      <Filter>Generated Files\Debug</Filter>
    </ClCompile>
    <ClCompile Include="Release\moc_register_conteiner.cpp">
      <Filter>Generated Files\Release</Filter>
    </ClCompile>
    <ClCompile Include="Debug\moc_register_conteiner_error_table.cpp">
      <Filter>Generated Files\Debug</Filter>
    </ClCompile>
    <ClCompile Include="Release\moc_register_conteiner_error_table.cpp">
      <Filter>Generated Files\Release</Filter>
    </ClCompile>
    <ClCompile Include="Debug\moc_register_conteiner_error_vector.cpp">
      <Filter>Generated Files\Debug</Filter>
    </ClCompile>
    <ClCompile Include="Release\moc_register_conteiner_error_vector.cpp">
      <Filter>Generated Files\Release</Filter>
    </ClCompile>
    <ClCompile Include="Debug\moc_registerbrowser.cpp">
      <Filter>Generated Files\Debug</Filter>
    </ClCompile>
    <ClCompile Include="Release\moc_registerbrowser.cpp">
      <Filter>Generated Files\Release</Filter>
    </ClCompile>
    <ClCompile Include="GeneratedFiles\qrc_Resources.cpp">
      <Filter>Generated Files</Filter>
    </ClCompile>
  </ItemGroup>
  <ItemGroup>
    <CustomBuild Include="about_window.h">
      <Filter>Header Files</Filter>
    </CustomBuild>
    <ClInclude Include="about_window_text.h">
      <Filter>Header Files</Filter>
    </ClInclude>
    <CustomBuild Include="customwidget.h">
      <Filter>Header Files</Filter>
    </CustomBuild>
    <CustomBuild Include="dasetupdialog.h">
      <Filter>Header Files</Filter>
    </CustomBuild>
    <CustomBuild Include="devicecontrol.h">
      <Filter>Header Files</Filter>
    </CustomBuild>
    <ClInclude Include="devicecontrol_tooltipe.h">
      <Filter>Header Files</Filter>
    </ClInclude>
    <ClInclude Include="error_reg_description.h">
      <Filter>Header Files</Filter>
    </ClInclude>
    <ClInclude Include="fusemap.h">
      <Filter>Header Files</Filter>
    </ClInclude>
    <ClInclude Include="merus_mode_reg_definition.h">
      <Filter>Header Files</Filter>
    </ClInclude>
    <ClInclude Include="merus_register_address_description.h">
      <Filter>Header Files</Filter>
    </ClInclude>
    <CustomBuild Include="moderegisterbrouser_short.h">
      <Filter>Header Files</Filter>
    </CustomBuild>
    <CustomBuild Include="newwindow.h">
      <Filter>Header Files</Filter>
    </CustomBuild>
    <ClInclude Include="qcheckbox_user.h">
      <Filter>Header Files</Filter>
    </ClInclude>
    <ClInclude Include="qpushbutton_user.h">
      <Filter>Header Files</Filter>
    </ClInclude>
    <ClInclude Include="qscomthreadsave.h">
      <Filter>Header Files</Filter>
    </ClInclude>
    <ClInclude Include="qslider_user.h">
      <Filter>Header Files</Filter>
    </ClInclude>
    <CustomBuild Include="qthread_readreg.h">
      <Filter>Header Files</Filter>
    </CustomBuild>
    <CustomBuild Include="quser_dial.h">
      <Filter>Header Files</Filter>
    </CustomBuild>
    <CustomBuild Include="qwidjetpainter.h">
      <Filter>Header Files</Filter>
    </CustomBuild>
    <ClInclude Include="regbrowfilldata.h">
      <Filter>Header Files</Filter>
    </ClInclude>
    <CustomBuild Include="register_conteiner.h">
      <Filter>Header Files</Filter>
    </CustomBuild>
    <CustomBuild Include="register_conteiner_error_table.h">
      <Filter>Header Files</Filter>
    </CustomBuild>
    <CustomBuild Include="register_conteiner_error_vector.h">
      <Filter>Header Files</Filter>
    </CustomBuild>
    <CustomBuild Include="registerbrowser.h">
      <Filter>Header Files</Filter>
    </CustomBuild>
    <ClInclude Include="regmap.h">
      <Filter>Header Files</Filter>
    </ClInclude>
    <ClInclude Include="scom.h">
      <Filter>Header Files</Filter>
    </ClInclude>
  </ItemGroup>
  <ItemGroup>
    <CustomBuild Include="debug\moc_predefs.h.cbt">
      <Filter>Generated Files</Filter>
    </CustomBuild>
    <CustomBuild Include="release\moc_predefs.h.cbt">
      <Filter>Generated Files</Filter>
    </CustomBuild>
  </ItemGroup>
  <ItemGroup>
    <CustomBuild Include="about_window.ui">
      <Filter>Form Files</Filter>
    </CustomBuild>
    <CustomBuild Include="dasetupdialog.ui">
      <Filter>Form Files</Filter>
    </CustomBuild>
    <CustomBuild Include="devicecontrol.ui">
      <Filter>Form Files</Filter>
    </CustomBuild>
    <CustomBuild Include="moderegisterbrouser_short.ui">
      <Filter>Form Files</Filter>
    </CustomBuild>
    <CustomBuild Include="newwindow.ui">
      <Filter>Form Files</Filter>
    </CustomBuild>
    <CustomBuild Include="quser_dial.ui">
      <Filter>Form Files</Filter>
    </CustomBuild>
    <CustomBuild Include="qwidjetpainter.ui">
      <Filter>Form Files</Filter>
    </CustomBuild>
    <CustomBuild Include="register_conteiner.ui">
      <Filter>Form Files</Filter>
    </CustomBuild>
    <CustomBuild Include="register_conteiner_error_table.ui">
      <Filter>Form Files</Filter>
    </CustomBuild>
    <CustomBuild Include="register_conteiner_error_vector.ui">
      <Filter>Form Files</Filter>
    </CustomBuild>
    <CustomBuild Include="registerbrowser.ui">
      <Filter>Form Files</Filter>
    </CustomBuild>
  </ItemGroup>
  <ItemGroup>
    <None Include="2\audioprocessor\DAP_frame.png">
      <Filter>Resource Files</Filter>
    </None>
    <None Include="IMG\Merus_alfa_logo.png">
      <Filter>Resource Files</Filter>
    </None>
    <CustomBuild Include="Resources.qrc">
      <Filter>Resource Files</Filter>
    </CustomBuild>
    <None Include="IMG\assets">
      <Filter>Resource Files</Filter>
    </None>
    <None Include="2\bg\bg_texture.png">
      <Filter>Resource Files</Filter>
    </None>
    <None Include="2\checkbox\checkbox_checked.png">
      <Filter>Resource Files</Filter>
    </None>
    <None Include="2\checkbox\checkbox_disabled.png">
      <Filter>Resource Files</Filter>
    </None>
    <None Include="2\checkbox\checkbox_disabled_checked.png">
      <Filter>Resource Files</Filter>
    </None>
    <None Include="2\checkbox\checkbox_disabled_checked_blue.png">
      <Filter>Resource Files</Filter>
    </None>
    <None Include="2\checkbox\checkbox_normal.png">
      <Filter>Resource Files</Filter>
    </None>
    <None Include="2\device\device_bg.png">
      <Filter>Resource Files</Filter>
    </None>
    <None Include="2\display">
      <Filter>Resource Files</Filter>
    </None>
    <None Include="2\display\display_1_bg.png">
      <Filter>Resource Files</Filter>
    </None>
    <None Include="small\display_small_bg.png">
      <Filter>Resource Files</Filter>
    </None>
    <None Include="2\ScrollBar\down.png">
      <Filter>Resource Files</Filter>
    </None>
    <None Include="2\leds\indicator_blue.png">
      <Filter>Resource Files</Filter>
    </None>
    <None Include="2\leds\indicator_off.png">
      <Filter>Resource Files</Filter>
    </None>
    <None Include="2\leds\indicator_on.png">
      <Filter>Resource Files</Filter>
    </None>
    <None Include="2\knob\knob_body.png">
      <Filter>Resource Files</Filter>
    </None>
    <None Include="2\knob\knob_pointer.png">
      <Filter>Resource Files</Filter>
    </None>
    <None Include="2\buttons_new\l_round_hover.png">
      <Filter>Resource Files</Filter>
    </None>
    <None Include="2\buttons_new\l_round_normal.png">
      <Filter>Resource Files</Filter>
    </None>
    <None Include="2\buttons_new\l_round_pressed.png">
      <Filter>Resource Files</Filter>
    </None>
    <None Include="2\slider\lider_active_hover.png">
      <Filter>Resource Files</Filter>
    </None>
    <None Include="2\slider\lider_normal.png">
      <Filter>Resource Files</Filter>
    </None>
    <None Include="2\bg\line_bg.png">
      <Filter>Resource Files</Filter>
    </None>
    <None Include="2\buttons_new\lr_round_disable.png">
      <Filter>Resource Files</Filter>
    </None>
    <None Include="2\buttons_new\lr_round_hover.png">
      <Filter>Resource Files</Filter>
    </None>
    <None Include="2\buttons_new\lr_round_normal.png">
      <Filter>Resource Files</Filter>
    </None>
    <None Include="2\buttons_new\lr_round_pressed.png">
      <Filter>Resource Files</Filter>
    </None>
    <None Include="2\knob\marking_left.png">
      <Filter>Resource Files</Filter>
    </None>
    <None Include="2\knob\marking_right.png">
      <Filter>Resource Files</Filter>
    </None>
    <None Include="IMG\meruslogo_128.png">
      <Filter>Resource Files</Filter>
    </None>
    <None Include="IMG\meruslogo_32.png">
      <Filter>Resource Files</Filter>
    </None>
    <None Include="IMG\meruslogo_64.png">
      <Filter>Resource Files</Filter>
    </None>
    <None Include="2\About\popup_bg.png">
      <Filter>Resource Files</Filter>
    </None>
    <None Include="2\About\popup_bg_1.png">
      <Filter>Resource Files</Filter>
    </None>
    <None Include="2\buttons_new\r_round_hover.png">
      <Filter>Resource Files</Filter>
    </None>
    <None Include="2\buttons_new\r_round_normal.png">
      <Filter>Resource Files</Filter>
    </None>
    <None Include="2\buttons_new\r_round_pressed.png">
      <Filter>Resource Files</Filter>
    </None>
    <None Include="2\radiobutton\radiobatton_normal.png">
      <Filter>Resource Files</Filter>
    </None>
    <None Include="2\radiobutton\radiobatton_selected.png">
      <Filter>Resource Files</Filter>
    </None>
    <None Include="2\buttons_new\reconnect_disable.png">
      <Filter>Resource Files</Filter>
    </None>
    <None Include="2\buttons_new\reconnect_hover.png">
      <Filter>Resource Files</Filter>
    </None>
    <None Include="2\buttons_new\reconnect_normal.png">
      <Filter>Resource Files</Filter>
    </None>
    <None Include="2\buttons_new\reconnect_pressed.png">
      <Filter>Resource Files</Filter>
    </None>
    <None Include="2\buttons_new\rounded_disable.png">
      <Filter>Resource Files</Filter>
    </None>
    <None Include="2\buttons_new\rounded_hover.png">
      <Filter>Resource Files</Filter>
    </None>
    <None Include="2\buttons_new\rounded_normal.png">
      <Filter>Resource Files</Filter>
    </None>
    <None Include="2\buttons_new\rounded_pressed.png">
      <Filter>Resource Files</Filter>
    </None>
    <None Include="2\buttons_new\square_disable.png">
      <Filter>Resource Files</Filter>
    </None>
    <None Include="2\buttons_new\square_hover.png">
      <Filter>Resource Files</Filter>
    </None>
    <None Include="2\buttons_new\square_normal.png">
      <Filter>Resource Files</Filter>
    </None>
    <None Include="2\buttons_new\square_pressed.png">
      <Filter>Resource Files</Filter>
    </None>
    <None Include="2\ScrollBar\up.png">
      <Filter>Resource Files</Filter>
    </None>
  </ItemGroup>
  <ItemGroup>
    <ClInclude Include="GeneratedFiles\ui_about_window.h">
      <Filter>Generated Files</Filter>
    </ClInclude>
    <ClInclude Include="GeneratedFiles\ui_dasetupdialog.h">
      <Filter>Generated Files</Filter>
    </ClInclude>
    <ClInclude Include="GeneratedFiles\ui_devicecontrol.h">
      <Filter>Generated Files</Filter>
    </ClInclude>
    <ClInclude Include="GeneratedFiles\ui_moderegisterbrouser_short.h">
      <Filter>Generated Files</Filter>
    </ClInclude>
    <ClInclude Include="GeneratedFiles\ui_newwindow.h">
      <Filter>Generated Files</Filter>
    </ClInclude>
    <ClInclude Include="GeneratedFiles\ui_quser_dial.h">
      <Filter>Generated Files</Filter>
    </ClInclude>
    <ClInclude Include="GeneratedFiles\ui_qwidjetpainter.h">
      <Filter>Generated Files</Filter>
    </ClInclude>
    <ClInclude Include="GeneratedFiles\ui_register_conteiner.h">
      <Filter>Generated Files</Filter>
    </ClInclude>
    <ClInclude Include="GeneratedFiles\ui_register_conteiner_error_table.h">
      <Filter>Generated Files</Filter>
    </ClInclude>
    <ClInclude Include="GeneratedFiles\ui_register_conteiner_error_vector.h">
      <Filter>Generated Files</Filter>
    </ClInclude>
    <ClInclude Include="GeneratedFiles\ui_registerbrowser.h">
      <Filter>Generated Files</Filter>
    </ClInclude>
  </ItemGroup>
  <ItemGroup>
    <Image Include="IMG\assets 2\device\device_bg.png">
      <Filter>Resource Files</Filter>
    </Image>
    <Image Include="IMG\assets 2\display\display_1_bg.png">
      <Filter>Resource Files</Filter>
    </Image>
    <Image Include="IMG\assets 2\bg\bg_texture.png">
      <Filter>Resource Files</Filter>
    </Image>
    <Image Include="IMG\assets 2\leds\indicator_blue.png">
      <Filter>Resource Files</Filter>
    </Image>
    <Image Include="IMG\assets 2\leds\indicator_off.png">
      <Filter>Resource Files</Filter>
    </Image>
    <Image Include="IMG\assets 2\leds\indicator_on.png">
      <Filter>Resource Files</Filter>
    </Image>
    <Image Include="IMG\assets 2\display small\display_small_bg.png">
      <Filter>Resource Files</Filter>
    </Image>
    <Image Include="IMG\assets 2\slider\lider_active_hover.png">
      <Filter>Resource Files</Filter>
    </Image>
    <Image Include="IMG\assets 2\slider\lider_normal.png">
      <Filter>Resource Files</Filter>
    </Image>
    <Image Include="IMG\assets 2\audioprocessor\DAP_frame.png">
      <Filter>Resource Files</Filter>
    </Image>
    <Image Include="IMG\assets 2\knob\knob_body.png">
      <Filter>Resource Files</Filter>
    </Image>
    <Image Include="IMG\assets 2\knob\knob_pointer.png">
      <Filter>Resource Files</Filter>
    </Image>
    <Image Include="IMG\assets 2\knob\marking_left.png">
      <Filter>Resource Files</Filter>
    </Image>
    <Image Include="IMG\assets 2\knob\marking_right.png">
      <Filter>Resource Files</Filter>
    </Image>
    <Image Include="IMG\assets 2\radiobutton\radiobatton_selected.png">
      <Filter>Resource Files</Filter>
    </Image>
    <Image Include="IMG\assets 2\checkbox\checkbox_checked.png">
      <Filter>Resource Files</Filter>
    </Image>
    <Image Include="IMG\assets 2\checkbox\checkbox_disabled.png">
      <Filter>Resource Files</Filter>
    </Image>
    <Image Include="IMG\assets 2\checkbox\checkbox_normal.png">
      <Filter>Resource Files</Filter>
    </Image>
    <Image Include="IMG\assets 2\radiobutton\radiobatton_normal.png">
      <Filter>Resource Files</Filter>
    </Image>
    <Image Include="IMG\assets 2\checkbox\checkbox_disabled_checked.png">
      <Filter>Resource Files</Filter>
    </Image>
    <Image Include="IMG\assets 2\bg\line_bg.png">
      <Filter>Resource Files</Filter>
    </Image>
    <Image Include="IMG\assets 2\ScrollBar\down.png">
      <Filter>Resource Files</Filter>
    </Image>
    <Image Include="IMG\assets 2\ScrollBar\up.png">
      <Filter>Resource Files</Filter>
    </Image>
    <Image Include="IMG\assets 2\About\popup_bg.png">
      <Filter>Resource Files</Filter>
    </Image>
    <Image Include="IMG\assets 2\About\popup_bg_1.png">
      <Filter>Resource Files</Filter>
    </Image>
    <Image Include="IMG\assets 2\checkbox\checkbox_disabled_checked_blue.png">
      <Filter>Resource Files</Filter>
    </Image>
    <Image Include="IMG\assets 2\buttons_new\l_round_hover.png">
      <Filter>Resource Files</Filter>
    </Image>
    <Image Include="IMG\assets 2\buttons_new\l_round_normal.png">
      <Filter>Resource Files</Filter>
    </Image>
    <Image Include="IMG\assets 2\buttons_new\l_round_pressed.png">
      <Filter>Resource Files</Filter>
    </Image>
    <Image Include="IMG\assets 2\buttons_new\lr_round_disable.png">
      <Filter>Resource Files</Filter>
    </Image>
    <Image Include="IMG\assets 2\buttons_new\lr_round_hover.png">
      <Filter>Resource Files</Filter>
    </Image>
    <Image Include="IMG\assets 2\buttons_new\lr_round_normal.png">
      <Filter>Resource Files</Filter>
    </Image>
    <Image Include="IMG\assets 2\buttons_new\lr_round_pressed.png">
      <Filter>Resource Files</Filter>
    </Image>
    <Image Include="IMG\assets 2\buttons_new\r_round_hover.png">
      <Filter>Resource Files</Filter>
    </Image>
    <Image Include="IMG\assets 2\buttons_new\r_round_normal.png">
      <Filter>Resource Files</Filter>
    </Image>
    <Image Include="IMG\assets 2\buttons_new\r_round_pressed.png">
      <Filter>Resource Files</Filter>
    </Image>
    <Image Include="IMG\assets 2\buttons_new\reconnect_disable.png">
      <Filter>Resource Files</Filter>
    </Image>
    <Image Include="IMG\assets 2\buttons_new\reconnect_hover.png">
      <Filter>Resource Files</Filter>
    </Image>
    <Image Include="IMG\assets 2\buttons_new\reconnect_normal.png">
      <Filter>Resource Files</Filter>
    </Image>
    <Image Include="IMG\assets 2\buttons_new\reconnect_pressed.png">
      <Filter>Resource Files</Filter>
    </Image>
    <Image Include="IMG\assets 2\buttons_new\rounded_disable.png">
      <Filter>Resource Files</Filter>
    </Image>
    <Image Include="IMG\assets 2\buttons_new\rounded_hover.png">
      <Filter>Resource Files</Filter>
    </Image>
    <Image Include="IMG\assets 2\buttons_new\rounded_normal.png">
      <Filter>Resource Files</Filter>
    </Image>
    <Image Include="IMG\assets 2\buttons_new\rounded_pressed.png">
      <Filter>Resource Files</Filter>
    </Image>
    <Image Include="IMG\assets 2\buttons_new\square_disable.png">
      <Filter>Resource Files</Filter>
    </Image>
    <Image Include="IMG\assets 2\buttons_new\square_hover.png">
      <Filter>Resource Files</Filter>
    </Image>
    <Image Include="IMG\assets 2\buttons_new\square_normal.png">
      <Filter>Resource Files</Filter>
    </Image>
    <Image Include="IMG\assets 2\buttons_new\square_pressed.png">
      <Filter>Resource Files</Filter>
    </Image>
  </ItemGroup>
</Project>